<?xml version="1.0" encoding="utf-8"?>
<Project ToolsVersion="4.0" xmlns="http://schemas.microsoft.com/developer/msbuild/2003">
  <ItemGroup>
    <Filter Include="Source Files">
      <UniqueIdentifier>{4FC737F1-C7A5-4376-A066-2A32D752A2FF}</UniqueIdentifier>
      <Extensions>cpp;c;cc;cxx;def;odl;idl;hpj;bat;asm;asmx</Extensions>
    </Filter>
    <Filter Include="Header Files">
      <UniqueIdentifier>{93995380-89BD-4b04-88EB-625FBE52EBFB}</UniqueIdentifier>
      <Extensions>h;hh;hpp;hxx;hm;inl;inc;xsd</Extensions>
    </Filter>
    <Filter Include="Resource Files">
      <UniqueIdentifier>{67DA6AB6-F800-4c08-8B7A-83BB121AAD01}</UniqueIdentifier>
      <Extensions>rc;ico;cur;bmp;dlg;rc2;rct;bin;rgs;gif;jpg;jpeg;jpe;resx;tiff;tif;png;wav;mfcribbon-ms</Extensions>
    </Filter>
  </ItemGroup>
  <ItemGroup>
    <ClCompile Include="main.c">
      <Filter>Source Files</Filter>
    </ClCompile>
    <ClCompile Include="pNode.c">
      <Filter>Source Files</Filter>
    </ClCompile>
    <ClCompile Include="pStack.c">
      <Filter>Source Files</Filter>
    </ClCompile>
    <ClCompile Include="gameLogic.c">
      <Filter>Source Files</Filter>
    </ClCompile>
    <ClCompile Include="graphic.c">
      <Filter>Source Files</Filter>
    </ClCompile>
    <ClCompile Include="iNode.c">
      <Filter>Source Files</Filter>
    </ClCompile>
    <ClCompile Include="iStack.c">
      <Filter>Source Files</Filter>
    </ClCompile>
    <ClCompile Include="path.c">
      <Filter>Source Files</Filter>
    </ClCompile>
    <ClCompile Include="pQueue.c">
      <Filter>Source Files</Filter>
    </ClCompile>
    <ClCompile Include="alutil.c">
      <Filter>Source Files</Filter>
    </ClCompile>
  </ItemGroup>
  <ItemGroup>
    <ClInclude Include="pNode.h">
      <Filter>Header Files</Filter>
    </ClInclude>
    <ClInclude Include="pStack.h">
      <Filter>Header Files</Filter>
    </ClInclude>
    <ClInclude Include="boardInfo.h">
      <Filter>Header Files</Filter>
    </ClInclude>
    <ClInclude Include="iStack.h">
      <Filter>Header Files</Filter>
    </ClInclude>
    <ClInclude Include="iNode.h">
      <Filter>Header Files</Filter>
    </ClInclude>
    <ClInclude Include="graphic.h">
      <Filter>Header Files</Filter>
    </ClInclude>
    <ClInclude Include="gameLogic.h">
      <Filter>Header Files</Filter>
    </ClInclude>
    <ClInclude Include="path.h">
      <Filter>Header Files</Filter>
    </ClInclude>
    <ClInclude Include="pQueue.h">
      <Filter>Header Files</Filter>
    </ClInclude>
    <ClInclude Include="alutil.h">
      <Filter>Header Files</Filter>
    </ClInclude>
  </ItemGroup>
  <ItemGroup>
    <Media Include="audio\MINE.wav">
      <Filter>Resource Files</Filter>
    </Media>
    <Media Include="audio\SFX_MOVE.wav">
      <Filter>Resource Files</Filter>
    </Media>
    <Media Include="audio\SFX_UNDO.wav">
      <Filter>Resource Files</Filter>
    </Media>
    <Media Include="audio\shineon.wav">
      <Filter>Resource Files</Filter>
    </Media>
    <Media Include="audio\th15_stage3.wav">
      <Filter>Resource Files</Filter>
    </Media>
  </ItemGroup>
  <ItemGroup>
    <Image Include="img\ebase.bmp">
      <Filter>Resource Files</Filter>
    </Image>
    <Image Include="img\lose.bmp">
      <Filter>Resource Files</Filter>
    </Image>
    <Image Include="img\PLAYER_TROLL.bmp">
      <Filter>Resource Files</Filter>
    </Image>
    <Image Include="img\texture.bmp">
      <Filter>Resource Files</Filter>
    </Image>
    <Image Include="img\win.bmp">
      <Filter>Resource Files</Filter>
    </Image>
  </ItemGroup>
</Project>